
Microsoft Visual Studio Solution File, Format Version 12.00
# Visual Studio 15
VisualStudioVersion = 15.0.28307.421
MinimumVisualStudioVersion = 10.0.40219.1
Project("{FAE04EC0-301F-11D3-BF4B-00C04F79EFBC}") = "Hacking", "Hacking.csproj", "{35988A6F-11E8-4AD0-844C-71F5484988A1}"
EndProject
Global
	GlobalSection(SolutionConfigurationPlatforms) = preSolution
		Debug|Any CPU = Debug|Any CPU
		Release|Any CPU = Release|Any CPU
	EndGlobalSection
	GlobalSection(ProjectConfigurationPlatforms) = postSolution
		{35988A6F-11E8-4AD0-844C-71F5484988A1}.Debug|Any CPU.ActiveCfg = Debug|Any CPU
		{35988A6F-11E8-4AD0-844C-71F5484988A1}.Debug|Any CPU.Build.0 = Debug|Any CPU
		{35988A6F-11E8-4AD0-844C-71F5484988A1}.Release|Any CPU.ActiveCfg = Release|Any CPU
		{35988A6F-11E8-4AD0-844C-71F5484988A1}.Release|Any CPU.Build.0 = Release|Any CPU
	EndGlobalSection
	GlobalSection(SolutionProperties) = preSolution
		HideSolutionNode = FALSE
	EndGlobalSection
	GlobalSection(ExtensibilityGlobals) = postSolution
		SolutionGuid = {22C3320A-6F6B-40A3-BD4D-5752D28D7708}
	EndGlobalSection
EndGlobal
